
Microsoft Visual Studio Solution File, Format Version 12.00
# Visual Studio 14
VisualStudioVersion = 14.0.25123.0
MinimumVisualStudioVersion = 10.0.40219.1
Project("{FAE04EC0-301F-11D3-BF4B-00C04F79EFBC}") = "TestWebApp", "TestWebApp\TestWebApp.csproj", "{1DADEBE9-E796-49C7-9178-07B569D91CBB}"
EndProject
Project("{CC5FD16D-436D-48AD-A40C-5A424C6E3E79}") = "TestCloudService", "TestCloudService\TestCloudService.ccproj", "{C1A60BC2-FF33-46CC-9794-C1102CDEBD8F}"
EndProject
Project("{FAE04EC0-301F-11D3-BF4B-00C04F79EFBC}") = "TestWebRole", "TestWebRole\TestWebRole.csproj", "{95F3CE0F-80C0-453E-AA53-5DF6ECCE2323}"
EndProject
Project("{FAE04EC0-301F-11D3-BF4B-00C04F79EFBC}") = "TestWorkerRole", "TestWorkerRole\TestWorkerRole.csproj", "{A73DAEF9-AAF1-4A7E-ACE5-7D670BA1A592}"
EndProject
Global
	GlobalSection(SolutionConfigurationPlatforms) = preSolution
		Debug|Any CPU = Debug|Any CPU
		Release|Any CPU = Release|Any CPU
	EndGlobalSection
	GlobalSection(ProjectConfigurationPlatforms) = postSolution
		{1DADEBE9-E796-49C7-9178-07B569D91CBB}.Debug|Any CPU.ActiveCfg = Debug|Any CPU
		{1DADEBE9-E796-49C7-9178-07B569D91CBB}.Debug|Any CPU.Build.0 = Debug|Any CPU
		{1DADEBE9-E796-49C7-9178-07B569D91CBB}.Release|Any CPU.ActiveCfg = Release|Any CPU
		{1DADEBE9-E796-49C7-9178-07B569D91CBB}.Release|Any CPU.Build.0 = Release|Any CPU
		{C1A60BC2-FF33-46CC-9794-C1102CDEBD8F}.Debug|Any CPU.ActiveCfg = Debug|Any CPU
		{C1A60BC2-FF33-46CC-9794-C1102CDEBD8F}.Debug|Any CPU.Build.0 = Debug|Any CPU
		{C1A60BC2-FF33-46CC-9794-C1102CDEBD8F}.Release|Any CPU.ActiveCfg = Release|Any CPU
		{C1A60BC2-FF33-46CC-9794-C1102CDEBD8F}.Release|Any CPU.Build.0 = Release|Any CPU
		{95F3CE0F-80C0-453E-AA53-5DF6ECCE2323}.Debug|Any CPU.ActiveCfg = Debug|Any CPU
		{95F3CE0F-80C0-453E-AA53-5DF6ECCE2323}.Debug|Any CPU.Build.0 = Debug|Any CPU
		{95F3CE0F-80C0-453E-AA53-5DF6ECCE2323}.Release|Any CPU.ActiveCfg = Release|Any CPU
		{95F3CE0F-80C0-453E-AA53-5DF6ECCE2323}.Release|Any CPU.Build.0 = Release|Any CPU
		{A73DAEF9-AAF1-4A7E-ACE5-7D670BA1A592}.Debug|Any CPU.ActiveCfg = Debug|Any CPU
		{A73DAEF9-AAF1-4A7E-ACE5-7D670BA1A592}.Debug|Any CPU.Build.0 = Debug|Any CPU
		{A73DAEF9-AAF1-4A7E-ACE5-7D670BA1A592}.Release|Any CPU.ActiveCfg = Release|Any CPU
		{A73DAEF9-AAF1-4A7E-ACE5-7D670BA1A592}.Release|Any CPU.Build.0 = Release|Any CPU
	EndGlobalSection
	GlobalSection(SolutionProperties) = preSolution
		HideSolutionNode = FALSE
	EndGlobalSection
EndGlobal
